
Microsoft Visual Studio Solution File, Format Version 12.00
# Visual Studio 15
VisualStudioVersion = 15.0.26730.16
MinimumVisualStudioVersion = 10.0.40219.1
Project("{FAE04EC0-301F-11D3-BF4B-00C04F79EFBC}") = "20-7", "20-7\20-7.csproj", "{9DA4016F-33D7-4517-A9FC-31ABC2B6D538}"
EndProject
Global
	GlobalSection(SolutionConfigurationPlatforms) = preSolution
		Debug|Any CPU = Debug|Any CPU
		Release|Any CPU = Release|Any CPU
	EndGlobalSection
	GlobalSection(ProjectConfigurationPlatforms) = postSolution
		{9DA4016F-33D7-4517-A9FC-31ABC2B6D538}.Debug|Any CPU.ActiveCfg = Debug|Any CPU
		{9DA4016F-33D7-4517-A9FC-31ABC2B6D538}.Debug|Any CPU.Build.0 = Debug|Any CPU
		{9DA4016F-33D7-4517-A9FC-31ABC2B6D538}.Release|Any CPU.ActiveCfg = Release|Any CPU
		{9DA4016F-33D7-4517-A9FC-31ABC2B6D538}.Release|Any CPU.Build.0 = Release|Any CPU
	EndGlobalSection
	GlobalSection(SolutionProperties) = preSolution
		HideSolutionNode = FALSE
	EndGlobalSection
	GlobalSection(ExtensibilityGlobals) = postSolution
		SolutionGuid = {600F3018-9812-4DF5-BF62-B3F6FA20A30C}
	EndGlobalSection
EndGlobal
