
Microsoft Visual Studio Solution File, Format Version 12.00
# Visual Studio 15
VisualStudioVersion = 15.0.26730.16
MinimumVisualStudioVersion = 10.0.40219.1
Project("{FAE04EC0-301F-11D3-BF4B-00C04F79EFBC}") = "20-4", "20-4\20-4.csproj", "{731AF41E-26CF-4B84-B13E-731E0FA5BDCC}"
EndProject
Global
	GlobalSection(SolutionConfigurationPlatforms) = preSolution
		Debug|Any CPU = Debug|Any CPU
		Release|Any CPU = Release|Any CPU
	EndGlobalSection
	GlobalSection(ProjectConfigurationPlatforms) = postSolution
		{731AF41E-26CF-4B84-B13E-731E0FA5BDCC}.Debug|Any CPU.ActiveCfg = Debug|Any CPU
		{731AF41E-26CF-4B84-B13E-731E0FA5BDCC}.Debug|Any CPU.Build.0 = Debug|Any CPU
		{731AF41E-26CF-4B84-B13E-731E0FA5BDCC}.Release|Any CPU.ActiveCfg = Release|Any CPU
		{731AF41E-26CF-4B84-B13E-731E0FA5BDCC}.Release|Any CPU.Build.0 = Release|Any CPU
	EndGlobalSection
	GlobalSection(SolutionProperties) = preSolution
		HideSolutionNode = FALSE
	EndGlobalSection
	GlobalSection(ExtensibilityGlobals) = postSolution
		SolutionGuid = {B5A83A35-6ABB-4581-BF66-B1ECEC8086BB}
	EndGlobalSection
EndGlobal
