
Microsoft Visual Studio Solution File, Format Version 12.00
# Visual Studio 15
VisualStudioVersion = 15.0.26730.16
MinimumVisualStudioVersion = 10.0.40219.1
Project("{FAE04EC0-301F-11D3-BF4B-00C04F79EFBC}") = "20-3", "20-3\20-3.csproj", "{06693A74-4B0C-4855-A5FB-FCB4569AFF77}"
EndProject
Global
	GlobalSection(SolutionConfigurationPlatforms) = preSolution
		Debug|Any CPU = Debug|Any CPU
		Release|Any CPU = Release|Any CPU
	EndGlobalSection
	GlobalSection(ProjectConfigurationPlatforms) = postSolution
		{06693A74-4B0C-4855-A5FB-FCB4569AFF77}.Debug|Any CPU.ActiveCfg = Debug|Any CPU
		{06693A74-4B0C-4855-A5FB-FCB4569AFF77}.Debug|Any CPU.Build.0 = Debug|Any CPU
		{06693A74-4B0C-4855-A5FB-FCB4569AFF77}.Release|Any CPU.ActiveCfg = Release|Any CPU
		{06693A74-4B0C-4855-A5FB-FCB4569AFF77}.Release|Any CPU.Build.0 = Release|Any CPU
	EndGlobalSection
	GlobalSection(SolutionProperties) = preSolution
		HideSolutionNode = FALSE
	EndGlobalSection
	GlobalSection(ExtensibilityGlobals) = postSolution
		SolutionGuid = {4959EE34-D142-4F60-9BA2-F056DA159366}
	EndGlobalSection
EndGlobal
